Microsoft Visual Studio Solution File, Format Version 12.00
# Visual Studio 15
VisualStudioVersion = 15.0.28307.106
MinimumVisualStudioVersion = 10.0.40219.1
Project("{FAE04EC0-301F-11D3-BF4B-00C04F79EFBC}") = "KeenSap.Portal.API", "API\KeenSap.Portal.API.csproj", "{9B015BCE-F6CE-4AB5-801B-11DF8B96302B}"
EndProject
Project("{FAE04EC0-301F-11D3-BF4B-00C04F79EFBC}") = "KeenSap.Portal.Data", "Data\KeenSap.Portal.Data.csproj", "{6E1DCD6F-9D1D-4EBA-9338-225DF599242B}"
EndProject
Project("{FAE04EC0-301F-11D3-BF4B-00C04F79EFBC}") = "KeenSap.Portal.Service", "Service\KeenSap.Portal.Service.csproj", "{90E995FE-E8A2-493E-91C5-47420A675092}"
EndProject
Global
	GlobalSection(SolutionConfigurationPlatforms) = preSolution
		Debug|Any CPU = Debug|Any CPU
		Release|Any CPU = Release|Any CPU
	EndGlobalSection
	GlobalSection(ProjectConfigurationPlatforms) = postSolution
		{BC5A2F6B-05F3-4CB5-863B-94B7B22078A0}.Debug|Any CPU.ActiveCfg = Debug|Any CPU
		{BC5A2F6B-05F3-4CB5-863B-94B7B22078A0}.Debug|Any CPU.Build.0 = Debug|Any CPU
		{BC5A2F6B-05F3-4CB5-863B-94B7B22078A0}.Release|Any CPU.ActiveCfg = Release|Any CPU
		{BC5A2F6B-05F3-4CB5-863B-94B7B22078A0}.Release|Any CPU.Build.0 = Release|Any CPU
		{9B015BCE-F6CE-4AB5-801B-11DF8B96302B}.Debug|Any CPU.ActiveCfg = Debug|Any CPU
		{9B015BCE-F6CE-4AB5-801B-11DF8B96302B}.Debug|Any CPU.Build.0 = Debug|Any CPU
		{9B015BCE-F6CE-4AB5-801B-11DF8B96302B}.Release|Any CPU.ActiveCfg = Release|Any CPU
		{9B015BCE-F6CE-4AB5-801B-11DF8B96302B}.Release|Any CPU.Build.0 = Release|Any CPU
		{6E1DCD6F-9D1D-4EBA-9338-225DF599242B}.Debug|Any CPU.ActiveCfg = Debug|Any CPU
		{6E1DCD6F-9D1D-4EBA-9338-225DF599242B}.Debug|Any CPU.Build.0 = Debug|Any CPU
		{6E1DCD6F-9D1D-4EBA-9338-225DF599242B}.Release|Any CPU.ActiveCfg = Release|Any CPU
		{6E1DCD6F-9D1D-4EBA-9338-225DF599242B}.Release|Any CPU.Build.0 = Release|Any CPU
		{90E995FE-E8A2-493E-91C5-47420A675092}.Debug|Any CPU.ActiveCfg = Debug|Any CPU
		{90E995FE-E8A2-493E-91C5-47420A675092}.Debug|Any CPU.Build.0 = Debug|Any CPU
		{90E995FE-E8A2-493E-91C5-47420A675092}.Release|Any CPU.ActiveCfg = Release|Any CPU
		{90E995FE-E8A2-493E-91C5-47420A675092}.Release|Any CPU.Build.0 = Release|Any CPU
	EndGlobalSection
	GlobalSection(SolutionProperties) = preSolution
		HideSolutionNode = FALSE
	EndGlobalSection
	GlobalSection(ExtensibilityGlobals) = postSolution
		SolutionGuid = {BC2CCCEE-93E3-4943-ABEC-C4610A0494CE}
	EndGlobalSection
EndGlobal
